{
  "nodes": {
    "affect-toolbar": {
      "inputs": {
        "nixpkgs": "nixpkgs"
      },
      "locked": {
        "lastModified": 1788536132,
        "narHash": "sha256-cBdwwyNH+/URsXxGHsu+5cVrM7setmPemjQryXH5ahk=",
        "owner": "affect-therapeutics",
        "repo": "toolbar",
        "rev": "891192bda2f552791d41b759108d7f8a8c0c1ea9",
        "type": "github"
      },
      "original": {
        "owner": "affect-therapeutics",
        "ref": "main",
        "repo": "toolbar",
        "type": "github"
      }
    },
    "alacritty-tic": {
      "flake": false,
      "locked": {
        "lastModified": 1788210671,
        "narHash": "sha256-WUpuisO+wdzXwX0cgNm6rwt0TIxm6HBrprMXxSj6WII=",
        "owner": "alacritty",
        "repo": "alacritty",
        "rev": "d692748d3f61253ebe9f5094320120d22f6a046f",
        "type": "github"
      },
      "original": {
        "owner": "alacritty",
        "ref": "master",
        "repo": "alacritty",
        "type": "github"
      }
    },
    "darwin": {
      "inputs": {
        "nixpkgs": [
          "nixpkgs"
        ]
      },
      "locked": {
        "lastModified": 1783744694,
        "narHash": "sha256-2cp6N3rrwnGYLTx9l6N+NI+kwrCWxvJUbj5WJhvB29A=",
        "owner": "lnl7",
        "repo": "nix-darwin",
        "rev": "c3e90c89649b07d1a96e4b9dd6cd0d6e44b91a74",
        "type": "github"
      },
      "original": {
        "owner": "lnl7",
        "ref": "nix-darwin-26.05",
        "repo": "nix-darwin",
        "type": "github"
      }
    },
    "darwin_2": {
      "inputs": {
        "nixpkgs": [
          "sum-astro-nvim",
          "nixpkgs"
        ]
      },
      "locked": {
        "lastModified": 1786845137,
        "narHash": "sha256-oQFip+v0luP8NIxJzmiW4Wu8bILsbFWom5l0zonl8hQ=",
        "owner": "lnl7",
        "repo": "nix-darwin",
        "rev": "4cff07de74b50e64bdd68cd4e722ab5b6b35ee48",
        "type": "github"
      },
      "original": {
        "owner": "lnl7",
        "ref": "master",
        "repo": "nix-darwin",
        "type": "github"
      }
    },
    "home-manager": {
      "inputs": {
        "nixpkgs": [
          "nixpkgs"
        ]
      },
      "locked": {
        "lastModified": 1790742243,
        "narHash": "sha256-kaNo6xHiL31AbNNEreG0OTKf4j6Cxlo5bPawjX7lnbQ=",
        "owner": "nix-community",
        "repo": "home-manager",
        "rev": "e5fcd298a00f08b6e8390baf04aa8edb62203070",
        "type": "github"
      },
      "original": {
        "owner": "nix-community",
        "ref": "release-26.05",
        "repo": "home-manager",
        "type": "github"
      }
    },
    "home-manager_2": {
      "inputs": {
        "nixpkgs": [
          "nix-impermanence",
          "nixpkgs"
        ]
      },
      "locked": {
        "lastModified": 1768598210,
        "narHash": "sha256-kkgA32s/f4jaa4UG+2f8C225Qvclxnqs76mf8zvTVPg=",
        "owner": "nix-community",
        "repo": "home-manager",
        "rev": "c47b2cc64a629f8e075de52e4742de688f930dc6",
        "type": "github"
      },
      "original": {
        "owner": "nix-community",
        "repo": "home-manager",
        "type": "github"
      }
    },
    "home-manager_3": {
      "inputs": {
        "nixpkgs": [
          "sum-astro-nvim",
          "nixpkgs"
        ]
      },
      "locked": {
        "lastModified": 1789765459,
        "narHash": "sha256-voJJ5IZR4w2149u2Jm/j2zifeWROlpZQ+JzmCQwjgn8=",
        "owner": "nix-community",
        "repo": "home-manager",
        "rev": "17903129f47656fa4d07e78ad87f6592ff4f2527",
        "type": "github"
      },
      "original": {
        "owner": "nix-community",
        "repo": "home-manager",
        "type": "github"
      }
    },
    "nix-impermanence": {
      "inputs": {
        "home-manager": "home-manager_2",
        "nixpkgs": "nixpkgs_2"
      },
      "locked": {
        "lastModified": 1769548169,
        "narHash": "sha256-03+JxvzmfwRu+5JafM0DLbxgHttOQZkUtDWBmeUkN8Y=",
        "owner": "nix-community",
        "repo": "impermanence",
        "rev": "7b1d382faf603b6d264f58627330f9faa5cba149",
        "type": "github"
      },
      "original": {
        "owner": "nix-community",
        "ref": "master",
        "repo": "impermanence",
        "type": "github"
      }
    },
    "nixos-hardware": {
      "inputs": {
        "nixpkgs": "nixpkgs_3"
      },
      "locked": {
        "lastModified": 1790722812,
        "narHash": "sha256-XwFt1uLyaBCQU1/nUeGqeBnqNXPVgGRnz20YVYdmF6Y=",
        "owner": "NixOS",
        "repo": "nixos-hardware",
        "rev": "06f9ecaea5f64b6ff61cf42cb32f21621c4fa14a",
        "type": "github"
      },
      "original": {
        "owner": "NixOS",
        "ref": "master",
        "repo": "nixos-hardware",
        "type": "github"
      }
    },
    "nixpkgs": {
      "locked": {
        "lastModified": 1785318670,
        "narHash": "sha256-dN6Ou5x/+23FZLEpYP3IffO+NyJFzUlGumt1uu3MMaY=",
        "owner": "NixOS",
        "repo": "nixpkgs",
        "rev": "0954f7ee2f6bb3dc7d4e3d0d8bcb8fd4bde4cfc5",
        "type": "github"
      },
      "original": {
        "owner": "NixOS",
        "ref": "nixos-unstable",
        "repo": "nixpkgs",
        "type": "github"
      }
    },
    "nixpkgs-logseq": {
      "locked": {
        "lastModified": 1768364046,
        "narHash": "sha256-PDFfpswLiuG/DcadTBb7dEfO3jX1fcGlCD4ZKSkC0M8=",
        "owner": "nixos",
        "repo": "nixpkgs",
        "rev": "ea30586ee015f37f38783006a9bc9e4aa64d7d61",
        "type": "github"
      },
      "original": {
        "owner": "nixos",
        "repo": "nixpkgs",
        "rev": "ea30586ee015f37f38783006a9bc9e4aa64d7d61",
        "type": "github"
      }
    },
    "nixpkgs-neovim": {
      "locked": {
        "lastModified": 1774610258,
        "narHash": "sha256-HaThtroVD9wRdx7KQk0B75JmFcXlMUoEdDFNOMOlsOs=",
        "owner": "nixos",
        "repo": "nixpkgs",
        "rev": "832efc09b4caf6b4569fbf9dc01bec3082a00611",
        "type": "github"
      },
      "original": {
        "owner": "nixos",
        "repo": "nixpkgs",
        "rev": "832efc09b4caf6b4569fbf9dc01bec3082a00611",
        "type": "github"
      }
    },
    "nixpkgs-neovim_2": {
      "locked": {
        "lastModified": 1774610258,
        "narHash": "sha256-HaThtroVD9wRdx7KQk0B75JmFcXlMUoEdDFNOMOlsOs=",
        "owner": "nixos",
        "repo": "nixpkgs",
        "rev": "832efc09b4caf6b4569fbf9dc01bec3082a00611",
        "type": "github"
      },
      "original": {
        "owner": "nixos",
        "repo": "nixpkgs",
        "rev": "832efc09b4caf6b4569fbf9dc01bec3082a00611",
        "type": "github"
      }
    },
    "nixpkgs-unstable": {
      "locked": {
        "lastModified": 1790822859,
        "narHash": "sha256-69xHQhAeMAD2wDXO7T2pcOZIF9Sga2W+JkmY2a11Ops=",
        "owner": "nixos",
        "repo": "nixpkgs",
        "rev": "c59305bab2065cfecc4944690d9eedbb56f3a9fa",
        "type": "github"
      },
      "original": {
        "owner": "nixos",
        "ref": "nixos-unstable",
        "repo": "nixpkgs",
        "type": "github"
      }
    },
    "nixpkgs_2": {
      "locked": {
        "lastModified": 1768564909,
        "narHash": "sha256-Kell/SpJYVkHWMvnhqJz/8DqQg2b6PguxVWOuadbHCc=",
        "owner": "nixos",
        "repo": "nixpkgs",
        "rev": "e4bae1bd10c9c57b2cf517953ab70060a828ee6f",
        "type": "github"
      },
      "original": {
        "owner": "nixos",
        "ref": "nixos-unstable",
        "repo": "nixpkgs",
        "type": "github"
      }
    },
    "nixpkgs_3": {
      "locked": {
        "lastModified": 1789546076,
        "narHash": "sha256-vWkSk5bbfTqdtMoSgD9FshACO8JCvXTFi+3cqEp0mH0=",
        "rev": "b1b875982b17dabde9b4a37f3e229e74913e6db3",
        "type": "tarball",
        "url": "https://releases.nixos.org/nixos/unstable/nixos-26.11pre1074753.b1b875982b17/nixexprs.tar.xz"
      },
      "original": {
        "type": "tarball",
        "url": "https://channels.nixos.org/nixos-unstable/nixexprs.tar.xz"
      }
    },
    "nixpkgs_4": {
      "locked": {
        "lastModified": 1790750587,
        "narHash": "sha256-VfjaoJ1Uyb7JZTrBgE5Jf2nhjtQPmD9KOd19HJwmZwM=",
        "owner": "nixos",
        "repo": "nixpkgs",
        "rev": "78e9c786dc08cd4f3420c2395cd977206a9b1da2",
        "type": "github"
      },
      "original": {
        "owner": "nixos",
        "ref": "nixos-26.05",
        "repo": "nixpkgs",
        "type": "github"
      }
    },
    "nixpkgs_5": {
      "locked": {
        "lastModified": 1790323409,
        "narHash": "sha256-m4DGo58Fza5ImOegtWOeE18nhpSO1IGzsVA6Lpsb4zw=",
        "rev": "e94cb152ed51bd6e24eb4a41f1460252beb52cd2",
        "type": "tarball",
        "url": "https://releases.nixos.org/nixos/unstable/nixos-26.11pre1079315.e94cb152ed51/nixexprs.tar.zst"
      },
      "original": {
        "type": "tarball",
        "url": "https://channels.nixos.org/nixos-unstable/nixexprs.tar.zst"
      }
    },
    "noctalia": {
      "inputs": {
        "nixpkgs": "nixpkgs_5"
      },
      "locked": {
        "lastModified": 1790897392,
        "narHash": "sha256-OncWhMhzeSc+plMHN0AriBn/3yzm73AzHj91qXPc4dU=",
        "owner": "noctalia-dev",
        "repo": "noctalia",
        "rev": "ef81ba695ddb75aac55b11f7a47a75990d20663b",
        "type": "github"
      },
      "original": {
        "owner": "noctalia-dev",
        "ref": "cachix",
        "repo": "noctalia",
        "type": "github"
      }
    },
    "noctalia-greeter": {
      "inputs": {
        "nixpkgs": [
          "noctalia",
          "nixpkgs"
        ]
      },
      "locked": {
        "lastModified": 1790518002,
        "narHash": "sha256-agpHRmhsUL4ZNFseCNilGSiC/cc0S2tC1ZvC5rXmgtY=",
        "owner": "noctalia-dev",
        "repo": "noctalia-greeter",
        "rev": "44337ecba043749c29de6f3d563315b91987a908",
        "type": "github"
      },
      "original": {
        "owner": "noctalia-dev",
        "repo": "noctalia-greeter",
        "type": "github"
      }
    },
    "private": {
      "inputs": {
        "nixpkgs": [
          "nixpkgs"
        ],
        "sops-nix": "sops-nix"
      },
      "locked": {
        "lastModified": 1790004279,
        "narHash": "sha256-HkGBBQuItRm7LAWoyairX7gBeVSYN/JL+iX+yuMrGR0=",
        "owner": "sum-rock",
        "repo": "nixos-private",
        "rev": "9f902758b906ddcc90445e8f34a709c064461634",
        "type": "github"
      },
      "original": {
        "owner": "sum-rock",
        "ref": "master",
        "repo": "nixos-private",
        "type": "github"
      }
    },
    "ranger-devicons": {
      "flake": false,
      "locked": {
        "lastModified": 1730913427,
        "narHash": "sha256-aJCIoDfzmOnzMLlbOe+dy6129n5Dc4OrefhHnPsgI8k=",
        "owner": "cdump",
        "repo": "ranger-devicons2",
        "rev": "94bdcc19218681debb252475fd9d11cfd274d9b1",
        "type": "github"
      },
      "original": {
        "owner": "cdump",
        "ref": "master",
        "repo": "ranger-devicons2",
        "type": "github"
      }
    },
    "root": {
      "inputs": {
        "affect-toolbar": "affect-toolbar",
        "alacritty-tic": "alacritty-tic",
        "darwin": "darwin",
        "home-manager": "home-manager",
        "nix-impermanence": "nix-impermanence",
        "nixos-hardware": "nixos-hardware",
        "nixpkgs": "nixpkgs_4",
        "nixpkgs-logseq": "nixpkgs-logseq",
        "nixpkgs-neovim": "nixpkgs-neovim",
        "nixpkgs-unstable": "nixpkgs-unstable",
        "noctalia": "noctalia",
        "noctalia-greeter": "noctalia-greeter",
        "private": "private",
        "ranger-devicons": "ranger-devicons",
        "sum-astro-nvim": "sum-astro-nvim",
        "tmux-catppuccin": "tmux-catppuccin",
        "tmux-copycat": "tmux-copycat",
        "tmux-open": "tmux-open",
        "tmux-pain-control": "tmux-pain-control",
        "tmux-sensible": "tmux-sensible"
      }
    },
    "sops-nix": {
      "inputs": {
        "nixpkgs": [
          "private",
          "nixpkgs"
        ]
      },
      "locked": {
        "lastModified": 1789691124,
        "narHash": "sha256-k+I+R6uwHX3VcJ7326qLV6vCahZUgsVl+i8sSU/Stxk=",
        "owner": "Mic92",
        "repo": "sops-nix",
        "rev": "1e73e8f7176d65e1b55e324de099bbfff4b2c574",
        "type": "github"
      },
      "original": {
        "owner": "Mic92",
        "repo": "sops-nix",
        "type": "github"
      }
    },
    "sum-astro-nvim": {
      "inputs": {
        "darwin": "darwin_2",
        "home-manager": "home-manager_3",
        "nixpkgs": [
          "nixpkgs-neovim"
        ],
        "nixpkgs-neovim": "nixpkgs-neovim_2"
      },
      "locked": {
        "lastModified": 1790004260,
        "narHash": "sha256-Gr24XfGMPq+V2POBX7oRCyP0Yw4Q4VSCj6DKqeclp+I=",
        "owner": "sum-rock",
        "repo": "SumAstroNvim",
        "rev": "9aadcd97837aefa6c2bed1ea36b384d9ff4b9f44",
        "type": "github"
      },
      "original": {
        "owner": "sum-rock",
        "ref": "master",
        "repo": "SumAstroNvim",
        "type": "github"
      }
    },
    "tmux-catppuccin": {
      "flake": false,
      "locked": {
        "lastModified": 1790026381,
        "narHash": "sha256-yOlLZhRdZabBTdD2t9I0mbMRcx8xApAmBPq87F3Hu3o=",
        "owner": "catppuccin",
        "repo": "tmux",
        "rev": "b2dc4121fe63c6da41fa030bcbc5440a994b58ef",
        "type": "github"
      },
      "original": {
        "owner": "catppuccin",
        "repo": "tmux",
        "type": "github"
      }
    },
    "tmux-copycat": {
      "flake": false,
      "locked": {
        "lastModified": 1595579844,
        "narHash": "sha256-2dMu/kbKLI/+kO05+qmeuJtAvvO7k9SSF+o2MHNllFk=",
        "owner": "tmux-plugins",
        "repo": "tmux-copycat",
        "rev": "d7f7e6c1de0bc0d6915f4beea5be6a8a42045c09",
        "type": "github"
      },
      "original": {
        "owner": "tmux-plugins",
        "ref": "master",
        "repo": "tmux-copycat",
        "type": "github"
      }
    },
    "tmux-open": {
      "flake": false,
      "locked": {
        "lastModified": 1661160644,
        "narHash": "sha256-Thii7D21MKodtjn/MzMjOGbJX8BwnS+fQqAtYv8CjPc=",
        "owner": "tmux-plugins",
        "repo": "tmux-open",
        "rev": "763d0a852e6703ce0f5090a508330012a7e6788e",
        "type": "github"
      },
      "original": {
        "owner": "tmux-plugins",
        "ref": "master",
        "repo": "tmux-open",
        "type": "github"
      }
    },
    "tmux-pain-control": {
      "flake": false,
      "locked": {
        "lastModified": 1628510980,
        "narHash": "sha256-2VI9w7Naj9OHF3iuV63Ij4QcYhbrtngyJ3GpeyzIKxs=",
        "owner": "tmux-plugins",
        "repo": "tmux-pain-control",
        "rev": "32b760f6652f2305dfef0acd444afc311cf5c077",
        "type": "github"
      },
      "original": {
        "owner": "tmux-plugins",
        "ref": "master",
        "repo": "tmux-pain-control",
        "type": "github"
      }
    },
    "tmux-sensible": {
      "flake": false,
      "locked": {
        "lastModified": 1660507698,
        "narHash": "sha256-sw9g1Yzmv2fdZFLJSGhx1tatQ+TtjDYNZI5uny0+5Hg=",
        "owner": "tmux-plugins",
        "repo": "tmux-sensible",
        "rev": "25cb91f42d020f675bb0a2ce3fbd3a5d96119efa",
        "type": "github"
      },
      "original": {
        "owner": "tmux-plugins",
        "ref": "master",
        "repo": "tmux-sensible",
        "type": "github"
      }
    }
  },
  "root": "root",
  "version": 7
}
