{
  "nodes": {
    "alacritty-tic": {
      "flake": false,
      "locked": {
        "lastModified": 1757636638,
        "narHash": "sha256-EF+7DRPty+0wMWy0uEXHoSXhsJNEQ8sbUFkCgn+x3Dk=",
        "owner": "alacritty",
        "repo": "alacritty",
        "rev": "a2334ff494a26a38f66685d0f950a9b589ac84a9",
        "type": "github"
      },
      "original": {
        "owner": "alacritty",
        "ref": "master",
        "repo": "alacritty",
        "type": "github"
      }
    },
    "darwin": {
      "inputs": {
        "nixpkgs": [
          "nixpkgs"
        ]
      },
      "locked": {
        "lastModified": 1757432263,
        "narHash": "sha256-qHn+/0+IOz5cG68BZUwL9BV3EO/e9eNKCjH3+N7wMdI=",
        "owner": "lnl7",
        "repo": "nix-darwin",
        "rev": "1fef4404de4d1596aa5ab2bd68078370e1b9dcdb",
        "type": "github"
      },
      "original": {
        "owner": "lnl7",
        "ref": "nix-darwin-25.05",
        "repo": "nix-darwin",
        "type": "github"
      }
    },
    "darwin_2": {
      "inputs": {
        "nixpkgs": [
          "sum-astro-nvim",
          "nixpkgs"
        ]
      },
      "locked": {
        "lastModified": 1757130842,
        "narHash": "sha256-4i7KKuXesSZGUv0cLPLfxbmF1S72Gf/3aSypgvVkwuA=",
        "owner": "lnl7",
        "repo": "nix-darwin",
        "rev": "15f067638e2887c58c4b6ba1bdb65a0b61dc58c5",
        "type": "github"
      },
      "original": {
        "owner": "lnl7",
        "ref": "master",
        "repo": "nix-darwin",
        "type": "github"
      }
    },
    "home-manager": {
      "inputs": {
        "nixpkgs": [
          "nixpkgs"
        ]
      },
      "locked": {
        "lastModified": 1758313341,
        "narHash": "sha256-SsI6INUzWwPcRKRaxvi50RttnD9rcC4EjV+67TOEfrQ=",
        "owner": "nix-community",
        "repo": "home-manager",
        "rev": "6f656618ebc71ca82d93d306a8aecb2c5f6f2ab2",
        "type": "github"
      },
      "original": {
        "owner": "nix-community",
        "ref": "release-25.05",
        "repo": "home-manager",
        "type": "github"
      }
    },
    "home-manager_2": {
      "inputs": {
        "nixpkgs": [
          "sum-astro-nvim",
          "nixpkgs"
        ]
      },
      "locked": {
        "lastModified": 1757075491,
        "narHash": "sha256-a+NMGl5tcvm+hyfSG2DlVPa8nZLpsumuRj1FfcKb2mQ=",
        "owner": "nix-community",
        "repo": "home-manager",
        "rev": "f56bf065f9abedc7bc15e1f2454aa5c8edabaacf",
        "type": "github"
      },
      "original": {
        "owner": "nix-community",
        "repo": "home-manager",
        "type": "github"
      }
    },
    "nix-impermanence": {
      "locked": {
        "lastModified": 1737831083,
        "narHash": "sha256-LJggUHbpyeDvNagTUrdhe/pRVp4pnS6wVKALS782gRI=",
        "owner": "nix-community",
        "repo": "impermanence",
        "rev": "4b3e914cdf97a5b536a889e939fb2fd2b043a170",
        "type": "github"
      },
      "original": {
        "owner": "nix-community",
        "ref": "master",
        "repo": "impermanence",
        "type": "github"
      }
    },
    "nixos-hardware": {
      "locked": {
        "lastModified": 1757943327,
        "narHash": "sha256-w6cDExPBqbq7fTLo4dZ1ozDGeq3yV6dSN4n/sAaS6OM=",
        "owner": "NixOS",
        "repo": "nixos-hardware",
        "rev": "67a709cfe5d0643dafd798b0b613ed579de8be05",
        "type": "github"
      },
      "original": {
        "owner": "NixOS",
        "ref": "master",
        "repo": "nixos-hardware",
        "type": "github"
      }
    },
    "nixpkgs": {
      "locked": {
        "lastModified": 1758346548,
        "narHash": "sha256-afXE7AJ7MY6wY1pg/Y6UPHNYPy5GtUKeBkrZZ/gC71E=",
        "owner": "nixos",
        "repo": "nixpkgs",
        "rev": "b2a3852bd078e68dd2b3dfa8c00c67af1f0a7d20",
        "type": "github"
      },
      "original": {
        "owner": "nixos",
        "ref": "nixos-25.05",
        "repo": "nixpkgs",
        "type": "github"
      }
    },
    "nixpkgs-unstable": {
      "locked": {
        "lastModified": 1758277210,
        "narHash": "sha256-iCGWf/LTy+aY0zFu8q12lK8KuZp7yvdhStehhyX1v8w=",
        "owner": "nixos",
        "repo": "nixpkgs",
        "rev": "8eaee110344796db060382e15d3af0a9fc396e0e",
        "type": "github"
      },
      "original": {
        "owner": "nixos",
        "ref": "nixos-unstable",
        "repo": "nixpkgs",
        "type": "github"
      }
    },
    "private": {
      "inputs": {
        "nixpkgs": [
          "nixpkgs"
        ],
        "sops-nix": "sops-nix"
      },
      "locked": {
        "lastModified": 1757095839,
        "narHash": "sha256-JPdlFtx76FDP8B9mSpurYD4r9xEuRC/6mfx5WrF+SqE=",
        "owner": "sum-rock",
        "repo": "nixos-private",
        "rev": "1a81c8786ea3b4db065e87b8a643579e1b524d96",
        "type": "github"
      },
      "original": {
        "owner": "sum-rock",
        "ref": "master",
        "repo": "nixos-private",
        "type": "github"
      }
    },
    "ranger-devicons": {
      "flake": false,
      "locked": {
        "lastModified": 1730913427,
        "narHash": "sha256-aJCIoDfzmOnzMLlbOe+dy6129n5Dc4OrefhHnPsgI8k=",
        "owner": "cdump",
        "repo": "ranger-devicons2",
        "rev": "94bdcc19218681debb252475fd9d11cfd274d9b1",
        "type": "github"
      },
      "original": {
        "owner": "cdump",
        "ref": "master",
        "repo": "ranger-devicons2",
        "type": "github"
      }
    },
    "root": {
      "inputs": {
        "alacritty-tic": "alacritty-tic",
        "darwin": "darwin",
        "home-manager": "home-manager",
        "nix-impermanence": "nix-impermanence",
        "nixos-hardware": "nixos-hardware",
        "nixpkgs": "nixpkgs",
        "nixpkgs-unstable": "nixpkgs-unstable",
        "private": "private",
        "ranger-devicons": "ranger-devicons",
        "sum-astro-nvim": "sum-astro-nvim",
        "tmux-catppuccin": "tmux-catppuccin",
        "tmux-copycat": "tmux-copycat",
        "tmux-open": "tmux-open",
        "tmux-pain-control": "tmux-pain-control",
        "tmux-sensible": "tmux-sensible"
      }
    },
    "sops-nix": {
      "inputs": {
        "nixpkgs": [
          "private",
          "nixpkgs"
        ]
      },
      "locked": {
        "lastModified": 1754988908,
        "narHash": "sha256-t+voe2961vCgrzPFtZxha0/kmFSHFobzF00sT8p9h0U=",
        "owner": "Mic92",
        "repo": "sops-nix",
        "rev": "3223c7a92724b5d804e9988c6b447a0d09017d48",
        "type": "github"
      },
      "original": {
        "owner": "Mic92",
        "repo": "sops-nix",
        "type": "github"
      }
    },
    "sum-astro-nvim": {
      "inputs": {
        "darwin": "darwin_2",
        "home-manager": "home-manager_2",
        "nixpkgs": [
          "darwin"
        ]
      },
      "locked": {
        "lastModified": 1757527151,
        "narHash": "sha256-Gluixci2ntb5jz8JTw2w3V/oBEjBQzFbQbRlv4ylLBw=",
        "owner": "sum-rock",
        "repo": "SumAstroNvim",
        "rev": "b962065eff71ca1eb3fad1d952d9abaa3810a450",
        "type": "github"
      },
      "original": {
        "owner": "sum-rock",
        "ref": "master",
        "repo": "SumAstroNvim",
        "type": "github"
      }
    },
    "tmux-catppuccin": {
      "flake": false,
      "locked": {
        "lastModified": 1757107889,
        "narHash": "sha256-AX8/5/THPYEGOjeEJgSTo2UNirGgivMUxNan+T4H9LI=",
        "owner": "catppuccin",
        "repo": "tmux",
        "rev": "768a550743de659fd670bd05f54dd62f5d18ec2a",
        "type": "github"
      },
      "original": {
        "owner": "catppuccin",
        "repo": "tmux",
        "type": "github"
      }
    },
    "tmux-copycat": {
      "flake": false,
      "locked": {
        "lastModified": 1595579844,
        "narHash": "sha256-2dMu/kbKLI/+kO05+qmeuJtAvvO7k9SSF+o2MHNllFk=",
        "owner": "tmux-plugins",
        "repo": "tmux-copycat",
        "rev": "d7f7e6c1de0bc0d6915f4beea5be6a8a42045c09",
        "type": "github"
      },
      "original": {
        "owner": "tmux-plugins",
        "ref": "master",
        "repo": "tmux-copycat",
        "type": "github"
      }
    },
    "tmux-open": {
      "flake": false,
      "locked": {
        "lastModified": 1661160644,
        "narHash": "sha256-Thii7D21MKodtjn/MzMjOGbJX8BwnS+fQqAtYv8CjPc=",
        "owner": "tmux-plugins",
        "repo": "tmux-open",
        "rev": "763d0a852e6703ce0f5090a508330012a7e6788e",
        "type": "github"
      },
      "original": {
        "owner": "tmux-plugins",
        "ref": "master",
        "repo": "tmux-open",
        "type": "github"
      }
    },
    "tmux-pain-control": {
      "flake": false,
      "locked": {
        "lastModified": 1628510980,
        "narHash": "sha256-2VI9w7Naj9OHF3iuV63Ij4QcYhbrtngyJ3GpeyzIKxs=",
        "owner": "tmux-plugins",
        "repo": "tmux-pain-control",
        "rev": "32b760f6652f2305dfef0acd444afc311cf5c077",
        "type": "github"
      },
      "original": {
        "owner": "tmux-plugins",
        "ref": "master",
        "repo": "tmux-pain-control",
        "type": "github"
      }
    },
    "tmux-sensible": {
      "flake": false,
      "locked": {
        "lastModified": 1660507698,
        "narHash": "sha256-sw9g1Yzmv2fdZFLJSGhx1tatQ+TtjDYNZI5uny0+5Hg=",
        "owner": "tmux-plugins",
        "repo": "tmux-sensible",
        "rev": "25cb91f42d020f675bb0a2ce3fbd3a5d96119efa",
        "type": "github"
      },
      "original": {
        "owner": "tmux-plugins",
        "ref": "master",
        "repo": "tmux-sensible",
        "type": "github"
      }
    }
  },
  "root": "root",
  "version": 7
}
