{
  "nodes": {
    "alacritty-tic": {
      "flake": false,
      "locked": {
        "lastModified": 1748654964,
        "narHash": "sha256-MbBUuLkbC2jPmq1UcpCMuV6N0lTucXiKAmmMUgs8N6k=",
        "owner": "alacritty",
        "repo": "alacritty",
        "rev": "80d87ed5dbe49cc8a4d208f0198566326924073a",
        "type": "github"
      },
      "original": {
        "owner": "alacritty",
        "ref": "master",
        "repo": "alacritty",
        "type": "github"
      }
    },
    "darwin": {
      "inputs": {
        "nixpkgs": [
          "nixpkgs"
        ]
      },
      "locked": {
        "lastModified": 1743127615,
        "narHash": "sha256-+sMGqywrSr50BGMLMeY789mSrzjkoxZiu61eWjYS/8o=",
        "owner": "lnl7",
        "repo": "nix-darwin",
        "rev": "fc843893cecc1838a59713ee3e50e9e7edc6207c",
        "type": "github"
      },
      "original": {
        "owner": "lnl7",
        "ref": "nix-darwin-24.11",
        "repo": "nix-darwin",
        "type": "github"
      }
    },
    "darwin_2": {
      "inputs": {
        "nixpkgs": [
          "sum-astro-nvim",
          "nixpkgs"
        ]
      },
      "locked": {
        "lastModified": 1748352827,
        "narHash": "sha256-sNUUP6qxGkK9hXgJ+p362dtWLgnIWwOCmiq72LAWtYo=",
        "owner": "lnl7",
        "repo": "nix-darwin",
        "rev": "44a7d0e687a87b73facfe94fba78d323a6686a90",
        "type": "github"
      },
      "original": {
        "owner": "lnl7",
        "ref": "master",
        "repo": "nix-darwin",
        "type": "github"
      }
    },
    "home-manager": {
      "inputs": {
        "nixpkgs": [
          "nixpkgs"
        ]
      },
      "locked": {
        "lastModified": 1747688870,
        "narHash": "sha256-ypL9WAZfmJr5V70jEVzqGjjQzF0uCkz+AFQF7n9NmNc=",
        "owner": "nix-community",
        "repo": "home-manager",
        "rev": "d5f1f641b289553927b3801580598d200a501863",
        "type": "github"
      },
      "original": {
        "owner": "nix-community",
        "ref": "release-24.11",
        "repo": "home-manager",
        "type": "github"
      }
    },
    "home-manager_2": {
      "inputs": {
        "nixpkgs": [
          "sum-astro-nvim",
          "nixpkgs"
        ]
      },
      "locked": {
        "lastModified": 1748668774,
        "narHash": "sha256-fYk/vk4ClmvHIgnGv/5GNRiDLtNCwXo9aLq36L/x+P4=",
        "owner": "nix-community",
        "repo": "home-manager",
        "rev": "60e4624302d956fe94d3f7d96a560d14d70591b9",
        "type": "github"
      },
      "original": {
        "owner": "nix-community",
        "repo": "home-manager",
        "type": "github"
      }
    },
    "nix-impermanence": {
      "locked": {
        "lastModified": 1737831083,
        "narHash": "sha256-LJggUHbpyeDvNagTUrdhe/pRVp4pnS6wVKALS782gRI=",
        "owner": "nix-community",
        "repo": "impermanence",
        "rev": "4b3e914cdf97a5b536a889e939fb2fd2b043a170",
        "type": "github"
      },
      "original": {
        "owner": "nix-community",
        "ref": "master",
        "repo": "impermanence",
        "type": "github"
      }
    },
    "nixos-hardware": {
      "locked": {
        "lastModified": 1748634340,
        "narHash": "sha256-pZH4bqbOd8S+si6UcfjHovWDiWKiIGRNRMpmRWaDIms=",
        "owner": "NixOS",
        "repo": "nixos-hardware",
        "rev": "daa628a725ab4948e0e2b795e8fb6f4c3e289a7a",
        "type": "github"
      },
      "original": {
        "owner": "NixOS",
        "ref": "master",
        "repo": "nixos-hardware",
        "type": "github"
      }
    },
    "nixpkgs": {
      "locked": {
        "lastModified": 1748421225,
        "narHash": "sha256-XXILOc80tvlvEQgYpYFnze8MkQQmp3eQxFbTzb3m/R0=",
        "owner": "nixos",
        "repo": "nixpkgs",
        "rev": "78add7b7abb61689e34fc23070a8f55e1d26185b",
        "type": "github"
      },
      "original": {
        "owner": "nixos",
        "ref": "nixos-24.11",
        "repo": "nixpkgs",
        "type": "github"
      }
    },
    "nixpkgs-unstable": {
      "locked": {
        "lastModified": 1748460289,
        "narHash": "sha256-7doLyJBzCllvqX4gszYtmZUToxKvMUrg45EUWaUYmBg=",
        "owner": "nixos",
        "repo": "nixpkgs",
        "rev": "96ec055edbe5ee227f28cdbc3f1ddf1df5965102",
        "type": "github"
      },
      "original": {
        "owner": "nixos",
        "ref": "nixos-unstable",
        "repo": "nixpkgs",
        "type": "github"
      }
    },
    "private": {
      "inputs": {
        "nixpkgs": [
          "nixpkgs"
        ],
        "sops-nix": "sops-nix"
      },
      "locked": {
        "lastModified": 1748111452,
        "narHash": "sha256-vI+wIR7yNru1pKtlzCVGDpscafIBu8hVKDC+JntGeZc=",
        "owner": "sum-rock",
        "repo": "nixos-private",
        "rev": "4c34ca18e93eb9752c76037b6452edeb01291479",
        "type": "github"
      },
      "original": {
        "owner": "sum-rock",
        "ref": "master",
        "repo": "nixos-private",
        "type": "github"
      }
    },
    "ranger-devicons": {
      "flake": false,
      "locked": {
        "lastModified": 1730913427,
        "narHash": "sha256-aJCIoDfzmOnzMLlbOe+dy6129n5Dc4OrefhHnPsgI8k=",
        "owner": "cdump",
        "repo": "ranger-devicons2",
        "rev": "94bdcc19218681debb252475fd9d11cfd274d9b1",
        "type": "github"
      },
      "original": {
        "owner": "cdump",
        "ref": "master",
        "repo": "ranger-devicons2",
        "type": "github"
      }
    },
    "root": {
      "inputs": {
        "alacritty-tic": "alacritty-tic",
        "darwin": "darwin",
        "home-manager": "home-manager",
        "nix-impermanence": "nix-impermanence",
        "nixos-hardware": "nixos-hardware",
        "nixpkgs": "nixpkgs",
        "nixpkgs-unstable": "nixpkgs-unstable",
        "private": "private",
        "ranger-devicons": "ranger-devicons",
        "sum-astro-nvim": "sum-astro-nvim",
        "tmux-catppuccin": "tmux-catppuccin",
        "tmux-copycat": "tmux-copycat",
        "tmux-open": "tmux-open",
        "tmux-pain-control": "tmux-pain-control",
        "tmux-sensible": "tmux-sensible"
      }
    },
    "sops-nix": {
      "inputs": {
        "nixpkgs": [
          "private",
          "nixpkgs"
        ]
      },
      "locked": {
        "lastModified": 1747603214,
        "narHash": "sha256-lAblXm0VwifYCJ/ILPXJwlz0qNY07DDYdLD+9H+Wc8o=",
        "owner": "Mic92",
        "repo": "sops-nix",
        "rev": "8d215e1c981be3aa37e47aeabd4e61bb069548fd",
        "type": "github"
      },
      "original": {
        "owner": "Mic92",
        "repo": "sops-nix",
        "type": "github"
      }
    },
    "sum-astro-nvim": {
      "inputs": {
        "darwin": "darwin_2",
        "home-manager": "home-manager_2",
        "nixpkgs": [
          "darwin"
        ]
      },
      "locked": {
        "lastModified": 1748960229,
        "narHash": "sha256-jsStFQZgMX+pEdAvM6VtbTBj1dvxetDoJ5CXODQIVqY=",
        "owner": "sum-rock",
        "repo": "SumAstroNvim",
        "rev": "17b86c1fabb3d9e409e3d074f69b21af8b190ab5",
        "type": "github"
      },
      "original": {
        "owner": "sum-rock",
        "ref": "master",
        "repo": "SumAstroNvim",
        "type": "github"
      }
    },
    "tmux-catppuccin": {
      "flake": false,
      "locked": {
        "lastModified": 1744971446,
        "narHash": "sha256-poG3QCow2j6h/G7BLEA8v3ZJXuk28iPmH1J4t7vT55k=",
        "owner": "catppuccin",
        "repo": "tmux",
        "rev": "14a546fb64dc1141e5d02bac2185d8c1fd530d6a",
        "type": "github"
      },
      "original": {
        "owner": "catppuccin",
        "repo": "tmux",
        "type": "github"
      }
    },
    "tmux-copycat": {
      "flake": false,
      "locked": {
        "lastModified": 1595579844,
        "narHash": "sha256-2dMu/kbKLI/+kO05+qmeuJtAvvO7k9SSF+o2MHNllFk=",
        "owner": "tmux-plugins",
        "repo": "tmux-copycat",
        "rev": "d7f7e6c1de0bc0d6915f4beea5be6a8a42045c09",
        "type": "github"
      },
      "original": {
        "owner": "tmux-plugins",
        "ref": "master",
        "repo": "tmux-copycat",
        "type": "github"
      }
    },
    "tmux-open": {
      "flake": false,
      "locked": {
        "lastModified": 1661160644,
        "narHash": "sha256-Thii7D21MKodtjn/MzMjOGbJX8BwnS+fQqAtYv8CjPc=",
        "owner": "tmux-plugins",
        "repo": "tmux-open",
        "rev": "763d0a852e6703ce0f5090a508330012a7e6788e",
        "type": "github"
      },
      "original": {
        "owner": "tmux-plugins",
        "ref": "master",
        "repo": "tmux-open",
        "type": "github"
      }
    },
    "tmux-pain-control": {
      "flake": false,
      "locked": {
        "lastModified": 1628510980,
        "narHash": "sha256-2VI9w7Naj9OHF3iuV63Ij4QcYhbrtngyJ3GpeyzIKxs=",
        "owner": "tmux-plugins",
        "repo": "tmux-pain-control",
        "rev": "32b760f6652f2305dfef0acd444afc311cf5c077",
        "type": "github"
      },
      "original": {
        "owner": "tmux-plugins",
        "ref": "master",
        "repo": "tmux-pain-control",
        "type": "github"
      }
    },
    "tmux-sensible": {
      "flake": false,
      "locked": {
        "lastModified": 1660507698,
        "narHash": "sha256-sw9g1Yzmv2fdZFLJSGhx1tatQ+TtjDYNZI5uny0+5Hg=",
        "owner": "tmux-plugins",
        "repo": "tmux-sensible",
        "rev": "25cb91f42d020f675bb0a2ce3fbd3a5d96119efa",
        "type": "github"
      },
      "original": {
        "owner": "tmux-plugins",
        "ref": "master",
        "repo": "tmux-sensible",
        "type": "github"
      }
    }
  },
  "root": "root",
  "version": 7
}
